
Microsoft Visual Studio Solution File, Format Version 12.00
# Visual Studio Version 17
VisualStudioVersion = 17.8.34004.107
MinimumVisualStudioVersion = 10.0.40219.1
Project("{FAE04EC0-301F-11D3-BF4B-00C04F79EFBC}") = "Api", "Api\Api.csproj", "{DC0350A8-61E4-42FA-8DE1-5DD6E9F79DF8}"
EndProject
Project("{FAE04EC0-301F-11D3-BF4B-00C04F79EFBC}") = "Model", "Model\Model.csproj", "{55CD5972-0731-463C-9C67-A49A50727C20}"
EndProject
Project("{FAE04EC0-301F-11D3-BF4B-00C04F79EFBC}") = "Busiines", "Busiines\Busiines.csproj", "{A2DC8D37-801C-49BC-A38E-5CABF0CD115A}"
EndProject
Project("{FAE04EC0-301F-11D3-BF4B-00C04F79EFBC}") = "Repository", "Repository\Repository.csproj", "{B51CA887-F2B6-4296-A78B-8FDDFF086886}"
EndProject
Project("{54A90642-561A-4BB1-A94E-469ADEE60C69}") = "fe", "FE\fe.esproj", "{8BD9C0EC-701B-4D3C-98AF-082E3CB6BF1E}"
EndProject
Global
	GlobalSection(SolutionConfigurationPlatforms) = preSolution
		Debug|Any CPU = Debug|Any CPU
		Release|Any CPU = Release|Any CPU
	EndGlobalSection
	GlobalSection(ProjectConfigurationPlatforms) = postSolution
		{DC0350A8-61E4-42FA-8DE1-5DD6E9F79DF8}.Debug|Any CPU.ActiveCfg = Debug|Any CPU
		{DC0350A8-61E4-42FA-8DE1-5DD6E9F79DF8}.Debug|Any CPU.Build.0 = Debug|Any CPU
		{DC0350A8-61E4-42FA-8DE1-5DD6E9F79DF8}.Release|Any CPU.ActiveCfg = Release|Any CPU
		{DC0350A8-61E4-42FA-8DE1-5DD6E9F79DF8}.Release|Any CPU.Build.0 = Release|Any CPU
		{55CD5972-0731-463C-9C67-A49A50727C20}.Debug|Any CPU.ActiveCfg = Debug|Any CPU
		{55CD5972-0731-463C-9C67-A49A50727C20}.Debug|Any CPU.Build.0 = Debug|Any CPU
		{55CD5972-0731-463C-9C67-A49A50727C20}.Release|Any CPU.ActiveCfg = Release|Any CPU
		{55CD5972-0731-463C-9C67-A49A50727C20}.Release|Any CPU.Build.0 = Release|Any CPU
		{A2DC8D37-801C-49BC-A38E-5CABF0CD115A}.Debug|Any CPU.ActiveCfg = Debug|Any CPU
		{A2DC8D37-801C-49BC-A38E-5CABF0CD115A}.Debug|Any CPU.Build.0 = Debug|Any CPU
		{A2DC8D37-801C-49BC-A38E-5CABF0CD115A}.Release|Any CPU.ActiveCfg = Release|Any CPU
		{A2DC8D37-801C-49BC-A38E-5CABF0CD115A}.Release|Any CPU.Build.0 = Release|Any CPU
		{B51CA887-F2B6-4296-A78B-8FDDFF086886}.Debug|Any CPU.ActiveCfg = Debug|Any CPU
		{B51CA887-F2B6-4296-A78B-8FDDFF086886}.Debug|Any CPU.Build.0 = Debug|Any CPU
		{B51CA887-F2B6-4296-A78B-8FDDFF086886}.Release|Any CPU.ActiveCfg = Release|Any CPU
		{B51CA887-F2B6-4296-A78B-8FDDFF086886}.Release|Any CPU.Build.0 = Release|Any CPU
		{8BD9C0EC-701B-4D3C-98AF-082E3CB6BF1E}.Debug|Any CPU.ActiveCfg = Debug|Any CPU
		{8BD9C0EC-701B-4D3C-98AF-082E3CB6BF1E}.Debug|Any CPU.Build.0 = Debug|Any CPU
		{8BD9C0EC-701B-4D3C-98AF-082E3CB6BF1E}.Debug|Any CPU.Deploy.0 = Debug|Any CPU
		{8BD9C0EC-701B-4D3C-98AF-082E3CB6BF1E}.Release|Any CPU.ActiveCfg = Release|Any CPU
		{8BD9C0EC-701B-4D3C-98AF-082E3CB6BF1E}.Release|Any CPU.Build.0 = Release|Any CPU
		{8BD9C0EC-701B-4D3C-98AF-082E3CB6BF1E}.Release|Any CPU.Deploy.0 = Release|Any CPU
	EndGlobalSection
	GlobalSection(SolutionProperties) = preSolution
		HideSolutionNode = FALSE
	EndGlobalSection
	GlobalSection(ExtensibilityGlobals) = postSolution
		SolutionGuid = {392952D5-642F-43FD-AFB2-14FEB92F9A91}
	EndGlobalSection
EndGlobal
